{
    "_meta": {
        "hash": {
            "sha256": "64d93f3434efb0c625810047c80a9a0ec83493ce8653761f1014dbaffac4d4a7"
        },
        "pipfile-spec": 6,
        "requires": {
            "python_version": "3.8"
        },
        "sources": [
            {
                "name": "pypi",
                "url": "https://pypi.org/simple",
                "verify_ssl": true
            }
        ]
    },
    "default": {
        "circuitbreaker": {
            "hashes": [
                "sha256:1b2d01cd5d02ddb248e1e4d34c1e9d4ee8ebef1d0b8e648b514c936a90df4f7d"
            ],
            "index": "pypi",
            "version": "==1.3.1"
        }
    },
    "develop": {}
}
